
Microsoft Visual Studio Solution File, Format Version 12.00
# Visual Studio 15
VisualStudioVersion = 15.0.26430.14
MinimumVisualStudioVersion = 10.0.40219.1
Project("{FAE04EC0-301F-11D3-BF4B-00C04F79EFBC}") = "MBran.TimeRangePicker", "src\MBran.TimeRangePicker.csproj", "{D4C37B20-D681-43E7-A140-AA29F9DE58B9}"
EndProject
Project("{2150E333-8FDC-42A3-9474-1A3956D46DE8}") = "Configurations", "Configurations", "{5103A022-E621-475B-B308-FEC5578EDA56}"
	ProjectSection(SolutionItems) = preProject
		.gitignore = .gitignore
		src\packages.config = src\packages.config
	EndProjectSection
EndProject
Project("{2150E333-8FDC-42A3-9474-1A3956D46DE8}") = "nuget", "nuget", "{25D3DEAE-1F7D-45FD-86F1-9ED321DA81D5}"
	ProjectSection(SolutionItems) = preProject
		nuget\MBran.TimeRangePicker.0.1.nuspec = nuget\MBran.TimeRangePicker.0.1.nuspec
	EndProjectSection
EndProject
Global
	GlobalSection(SolutionConfigurationPlatforms) = preSolution
		Debug|Any CPU = Debug|Any CPU
		Release|Any CPU = Release|Any CPU
	EndGlobalSection
	GlobalSection(ProjectConfigurationPlatforms) = postSolution
		{D4C37B20-D681-43E7-A140-AA29F9DE58B9}.Debug|Any CPU.ActiveCfg = Debug|Any CPU
		{D4C37B20-D681-43E7-A140-AA29F9DE58B9}.Debug|Any CPU.Build.0 = Debug|Any CPU
		{D4C37B20-D681-43E7-A140-AA29F9DE58B9}.Release|Any CPU.ActiveCfg = Release|Any CPU
		{D4C37B20-D681-43E7-A140-AA29F9DE58B9}.Release|Any CPU.Build.0 = Release|Any CPU
	EndGlobalSection
	GlobalSection(SolutionProperties) = preSolution
		HideSolutionNode = FALSE
	EndGlobalSection
	GlobalSection(NestedProjects) = preSolution
		{25D3DEAE-1F7D-45FD-86F1-9ED321DA81D5} = {5103A022-E621-475B-B308-FEC5578EDA56}
	EndGlobalSection
EndGlobal
